
Microsoft Visual Studio Solution File, Format Version 12.00
# Visual Studio Version 16
VisualStudioVersion = 16.0.30011.22
MinimumVisualStudioVersion = 10.0.40219.1
Project("{FAE04EC0-301F-11D3-BF4B-00C04F79EFBC}") = "WebSellApp", "WebSellApp\WebSellApp.csproj", "{6DEFC03D-FE24-45FA-99BC-6700560BFAE0}"
EndProject
Global
	GlobalSection(SolutionConfigurationPlatforms) = preSolution
		Debug|Any CPU = Debug|Any CPU
		Release|Any CPU = Release|Any CPU
	EndGlobalSection
	GlobalSection(ProjectConfigurationPlatforms) = postSolution
		{6DEFC03D-FE24-45FA-99BC-6700560BFAE0}.Debug|Any CPU.ActiveCfg = Debug|Any CPU
		{6DEFC03D-FE24-45FA-99BC-6700560BFAE0}.Debug|Any CPU.Build.0 = Debug|Any CPU
		{6DEFC03D-FE24-45FA-99BC-6700560BFAE0}.Release|Any CPU.ActiveCfg = Release|Any CPU
		{6DEFC03D-FE24-45FA-99BC-6700560BFAE0}.Release|Any CPU.Build.0 = Release|Any CPU
	EndGlobalSection
	GlobalSection(SolutionProperties) = preSolution
		HideSolutionNode = FALSE
	EndGlobalSection
	GlobalSection(ExtensibilityGlobals) = postSolution
		SolutionGuid = {B7FABBD8-B116-47E9-A82F-7290A2C05232}
	EndGlobalSection
EndGlobal
